
Microsoft Visual Studio Solution File, Format Version 12.00
# Visual Studio Version 16
VisualStudioVersion = 16.0.32228.343
MinimumVisualStudioVersion = 10.0.40219.1
Project("{FAE04EC0-301F-11D3-BF4B-00C04F79EFBC}") = "Bai19", "Bai19\Bai19.csproj", "{7485D82D-7F32-47C4-9F4E-A1D0479F4A5F}"
EndProject
Global
	GlobalSection(SolutionConfigurationPlatforms) = preSolution
		Debug|Any CPU = Debug|Any CPU
		Release|Any CPU = Release|Any CPU
	EndGlobalSection
	GlobalSection(ProjectConfigurationPlatforms) = postSolution
		{7485D82D-7F32-47C4-9F4E-A1D0479F4A5F}.Debug|Any CPU.ActiveCfg = Debug|Any CPU
		{7485D82D-7F32-47C4-9F4E-A1D0479F4A5F}.Debug|Any CPU.Build.0 = Debug|Any CPU
		{7485D82D-7F32-47C4-9F4E-A1D0479F4A5F}.Release|Any CPU.ActiveCfg = Release|Any CPU
		{7485D82D-7F32-47C4-9F4E-A1D0479F4A5F}.Release|Any CPU.Build.0 = Release|Any CPU
	EndGlobalSection
	GlobalSection(SolutionProperties) = preSolution
		HideSolutionNode = FALSE
	EndGlobalSection
	GlobalSection(ExtensibilityGlobals) = postSolution
		SolutionGuid = {7EE98406-5026-4A64-9A8B-F52F23570B8A}
	EndGlobalSection
EndGlobal
