
Microsoft Visual Studio Solution File, Format Version 12.00
# Visual Studio Version 16
VisualStudioVersion = 16.0.32228.343
MinimumVisualStudioVersion = 10.0.40219.1
Project("{FAE04EC0-301F-11D3-BF4B-00C04F79EFBC}") = "Bai3", "Bai3\Bai3.csproj", "{92529992-6762-40E8-8C1C-07A3C72FA7C3}"
EndProject
Global
	GlobalSection(SolutionConfigurationPlatforms) = preSolution
		Debug|Any CPU = Debug|Any CPU
		Release|Any CPU = Release|Any CPU
	EndGlobalSection
	GlobalSection(ProjectConfigurationPlatforms) = postSolution
		{92529992-6762-40E8-8C1C-07A3C72FA7C3}.Debug|Any CPU.ActiveCfg = Debug|Any CPU
		{92529992-6762-40E8-8C1C-07A3C72FA7C3}.Debug|Any CPU.Build.0 = Debug|Any CPU
		{92529992-6762-40E8-8C1C-07A3C72FA7C3}.Release|Any CPU.ActiveCfg = Release|Any CPU
		{92529992-6762-40E8-8C1C-07A3C72FA7C3}.Release|Any CPU.Build.0 = Release|Any CPU
	EndGlobalSection
	GlobalSection(SolutionProperties) = preSolution
		HideSolutionNode = FALSE
	EndGlobalSection
	GlobalSection(ExtensibilityGlobals) = postSolution
		SolutionGuid = {F7D95B98-C4F4-4FBF-93CE-951B6C161362}
	EndGlobalSection
EndGlobal
