
Microsoft Visual Studio Solution File, Format Version 12.00
# Visual Studio Version 16
VisualStudioVersion = 16.0.32228.343
MinimumVisualStudioVersion = 10.0.40219.1
Project("{FAE04EC0-301F-11D3-BF4B-00C04F79EFBC}") = "Bai1", "Bai1\Bai1.csproj", "{87A7945A-168F-4DD6-9BD2-3CB365867FDE}"
EndProject
Global
	GlobalSection(SolutionConfigurationPlatforms) = preSolution
		Debug|Any CPU = Debug|Any CPU
		Release|Any CPU = Release|Any CPU
	EndGlobalSection
	GlobalSection(ProjectConfigurationPlatforms) = postSolution
		{87A7945A-168F-4DD6-9BD2-3CB365867FDE}.Debug|Any CPU.ActiveCfg = Debug|Any CPU
		{87A7945A-168F-4DD6-9BD2-3CB365867FDE}.Debug|Any CPU.Build.0 = Debug|Any CPU
		{87A7945A-168F-4DD6-9BD2-3CB365867FDE}.Release|Any CPU.ActiveCfg = Release|Any CPU
		{87A7945A-168F-4DD6-9BD2-3CB365867FDE}.Release|Any CPU.Build.0 = Release|Any CPU
	EndGlobalSection
	GlobalSection(SolutionProperties) = preSolution
		HideSolutionNode = FALSE
	EndGlobalSection
	GlobalSection(ExtensibilityGlobals) = postSolution
		SolutionGuid = {91D13463-53B1-4E1A-A043-9C71C04DB90B}
	EndGlobalSection
EndGlobal
